
Microsoft Visual Studio Solution File, Format Version 12.00
# Visual Studio Version 16
VisualStudioVersion = 16.0.28711.60
MinimumVisualStudioVersion = 10.0.40219.1
Project("{2150E333-8FDC-42A3-9474-1A3956D46DE8}") = "src", "src", "{892940BA-FF36-468A-B8AD-34379F15CFA5}"
EndProject
Project("{2150E333-8FDC-42A3-9474-1A3956D46DE8}") = "test", "test", "{A4EF772C-5311-4633-94C5-2D45BFD25432}"
EndProject
Project("{9A19103F-16F7-4668-BE54-9A1E7A4F7556}") = "SecurityService.Service", "SecurityService.Service\SecurityService.Service.csproj", "{31D5F2EA-C955-4AE7-BC65-5D6BA7316A2B}"
EndProject
Project("{9A19103F-16F7-4668-BE54-9A1E7A4F7556}") = "SecurityService.Manager", "SecurityService.Manager\SecurityService.Manager.csproj", "{5B6E1756-8A03-4AEF-BD69-DB216E7C1768}"
EndProject
Project("{9A19103F-16F7-4668-BE54-9A1E7A4F7556}") = "SecurityService.DataTransferObjects", "SecurityService.DataTransferObjects\SecurityService.DataTransferObjects.csproj", "{50FF6ECD-4223-4262-B14F-433A502E0CEB}"
EndProject
Project("{9A19103F-16F7-4668-BE54-9A1E7A4F7556}") = "SecurityService.UnitTests", "SecurityService.UnitTests\SecurityService.UnitTests.csproj", "{BAAC4343-4F17-4B3C-80F0-DA7BB647180C}"
EndProject
Project("{2150E333-8FDC-42A3-9474-1A3956D46DE8}") = "BaseDockerImage", "BaseDockerImage", "{DF53B516-6D33-4F46-9A63-ADA891F3C602}"
	ProjectSection(SolutionItems) = preProject
		SecurityService.Docker.BaseImage\CreateAuthenticationDatabase.sql = SecurityService.Docker.BaseImage\CreateAuthenticationDatabase.sql
		SecurityService.Docker.BaseImage\CreateConfigurationDatabase.sql = SecurityService.Docker.BaseImage\CreateConfigurationDatabase.sql
		SecurityService.Docker.BaseImage\CreatePersistedGrantStoreDatabase.sql = SecurityService.Docker.BaseImage\CreatePersistedGrantStoreDatabase.sql
		SecurityService.Docker.BaseImage\Dockerfile = SecurityService.Docker.BaseImage\Dockerfile
	EndProjectSection
EndProject
Project("{9A19103F-16F7-4668-BE54-9A1E7A4F7556}") = "SecurityService.IntegrationTests", "SecurityService.IntegrationTests\SecurityService.IntegrationTests.csproj", "{1F62F6C0-B5A3-456F-8F65-B37AA8BA6F05}"
EndProject
Project("{FAE04EC0-301F-11D3-BF4B-00C04F79EFBC}") = "TestClientUserInterface", "TestClientUserInterface\TestClientUserInterface.csproj", "{4FD0B4FA-5ED5-42E4-B58D-4B1CFE091FC2}"
EndProject
Global
	GlobalSection(SolutionConfigurationPlatforms) = preSolution
		Debug|Any CPU = Debug|Any CPU
		Release|Any CPU = Release|Any CPU
	EndGlobalSection
	GlobalSection(ProjectConfigurationPlatforms) = postSolution
		{31D5F2EA-C955-4AE7-BC65-5D6BA7316A2B}.Debug|Any CPU.ActiveCfg = Debug|Any CPU
		{31D5F2EA-C955-4AE7-BC65-5D6BA7316A2B}.Debug|Any CPU.Build.0 = Debug|Any CPU
		{31D5F2EA-C955-4AE7-BC65-5D6BA7316A2B}.Release|Any CPU.ActiveCfg = Release|Any CPU
		{31D5F2EA-C955-4AE7-BC65-5D6BA7316A2B}.Release|Any CPU.Build.0 = Release|Any CPU
		{5B6E1756-8A03-4AEF-BD69-DB216E7C1768}.Debug|Any CPU.ActiveCfg = Debug|Any CPU
		{5B6E1756-8A03-4AEF-BD69-DB216E7C1768}.Debug|Any CPU.Build.0 = Debug|Any CPU
		{5B6E1756-8A03-4AEF-BD69-DB216E7C1768}.Release|Any CPU.ActiveCfg = Release|Any CPU
		{5B6E1756-8A03-4AEF-BD69-DB216E7C1768}.Release|Any CPU.Build.0 = Release|Any CPU
		{50FF6ECD-4223-4262-B14F-433A502E0CEB}.Debug|Any CPU.ActiveCfg = Debug|Any CPU
		{50FF6ECD-4223-4262-B14F-433A502E0CEB}.Debug|Any CPU.Build.0 = Debug|Any CPU
		{50FF6ECD-4223-4262-B14F-433A502E0CEB}.Release|Any CPU.ActiveCfg = Release|Any CPU
		{50FF6ECD-4223-4262-B14F-433A502E0CEB}.Release|Any CPU.Build.0 = Release|Any CPU
		{BAAC4343-4F17-4B3C-80F0-DA7BB647180C}.Debug|Any CPU.ActiveCfg = Debug|Any CPU
		{BAAC4343-4F17-4B3C-80F0-DA7BB647180C}.Debug|Any CPU.Build.0 = Debug|Any CPU
		{BAAC4343-4F17-4B3C-80F0-DA7BB647180C}.Release|Any CPU.ActiveCfg = Release|Any CPU
		{BAAC4343-4F17-4B3C-80F0-DA7BB647180C}.Release|Any CPU.Build.0 = Release|Any CPU
		{1F62F6C0-B5A3-456F-8F65-B37AA8BA6F05}.Debug|Any CPU.ActiveCfg = Debug|Any CPU
		{1F62F6C0-B5A3-456F-8F65-B37AA8BA6F05}.Debug|Any CPU.Build.0 = Debug|Any CPU
		{1F62F6C0-B5A3-456F-8F65-B37AA8BA6F05}.Release|Any CPU.ActiveCfg = Release|Any CPU
		{1F62F6C0-B5A3-456F-8F65-B37AA8BA6F05}.Release|Any CPU.Build.0 = Release|Any CPU
		{4FD0B4FA-5ED5-42E4-B58D-4B1CFE091FC2}.Debug|Any CPU.ActiveCfg = Debug|Any CPU
		{4FD0B4FA-5ED5-42E4-B58D-4B1CFE091FC2}.Debug|Any CPU.Build.0 = Debug|Any CPU
		{4FD0B4FA-5ED5-42E4-B58D-4B1CFE091FC2}.Release|Any CPU.ActiveCfg = Release|Any CPU
		{4FD0B4FA-5ED5-42E4-B58D-4B1CFE091FC2}.Release|Any CPU.Build.0 = Release|Any CPU
	EndGlobalSection
	GlobalSection(SolutionProperties) = preSolution
		HideSolutionNode = FALSE
	EndGlobalSection
	GlobalSection(NestedProjects) = preSolution
		{31D5F2EA-C955-4AE7-BC65-5D6BA7316A2B} = {892940BA-FF36-468A-B8AD-34379F15CFA5}
		{5B6E1756-8A03-4AEF-BD69-DB216E7C1768} = {892940BA-FF36-468A-B8AD-34379F15CFA5}
		{50FF6ECD-4223-4262-B14F-433A502E0CEB} = {892940BA-FF36-468A-B8AD-34379F15CFA5}
		{BAAC4343-4F17-4B3C-80F0-DA7BB647180C} = {A4EF772C-5311-4633-94C5-2D45BFD25432}
		{1F62F6C0-B5A3-456F-8F65-B37AA8BA6F05} = {A4EF772C-5311-4633-94C5-2D45BFD25432}
		{4FD0B4FA-5ED5-42E4-B58D-4B1CFE091FC2} = {A4EF772C-5311-4633-94C5-2D45BFD25432}
	EndGlobalSection
	GlobalSection(ExtensibilityGlobals) = postSolution
		SolutionGuid = {C2243F66-F2ED-4AD3-9E7B-169E12725BB9}
	EndGlobalSection
EndGlobal
