
Microsoft Visual Studio Solution File, Format Version 12.00
# Visual Studio 15
VisualStudioVersion = 15.0.28010.2048
MinimumVisualStudioVersion = 10.0.40219.1
Project("{2150E333-8FDC-42A3-9474-1A3956D46DE8}") = "src", "src", "{892940BA-FF36-468A-B8AD-34379F15CFA5}"
EndProject
Project("{9A19103F-16F7-4668-BE54-9A1E7A4F7556}") = "OAuth2SecurityService.Service", "OAuth2SecurityService.Service\OAuth2SecurityService.Service.csproj", "{BAC6A76B-249C-48C6-B7E5-11B2B6532F8A}"
EndProject
Project("{9A19103F-16F7-4668-BE54-9A1E7A4F7556}") = "OAuth2SecurityService.Manager", "OAuth2SecurityService.Manager\OAuth2SecurityService.Manager.csproj", "{2A0D365B-5632-461C-A668-9A6175A84D23}"
EndProject
Project("{2150E333-8FDC-42A3-9474-1A3956D46DE8}") = "test", "test", "{A4EF772C-5311-4633-94C5-2D45BFD25432}"
EndProject
Project("{FAE04EC0-301F-11D3-BF4B-00C04F79EFBC}") = "OAuth2SecurityService.IntegrationTests", "..\test\OAuth2SecurityService.IntegrationTests\OAuth2SecurityService.IntegrationTests.csproj", "{589CF2C1-41E3-4B62-A8A4-A985264ADA9F}"
EndProject
Global
	GlobalSection(SolutionConfigurationPlatforms) = preSolution
		Debug|Any CPU = Debug|Any CPU
		Release|Any CPU = Release|Any CPU
	EndGlobalSection
	GlobalSection(ProjectConfigurationPlatforms) = postSolution
		{BAC6A76B-249C-48C6-B7E5-11B2B6532F8A}.Debug|Any CPU.ActiveCfg = Debug|Any CPU
		{BAC6A76B-249C-48C6-B7E5-11B2B6532F8A}.Debug|Any CPU.Build.0 = Debug|Any CPU
		{BAC6A76B-249C-48C6-B7E5-11B2B6532F8A}.Release|Any CPU.ActiveCfg = Release|Any CPU
		{BAC6A76B-249C-48C6-B7E5-11B2B6532F8A}.Release|Any CPU.Build.0 = Release|Any CPU
		{2A0D365B-5632-461C-A668-9A6175A84D23}.Debug|Any CPU.ActiveCfg = Debug|Any CPU
		{2A0D365B-5632-461C-A668-9A6175A84D23}.Debug|Any CPU.Build.0 = Debug|Any CPU
		{2A0D365B-5632-461C-A668-9A6175A84D23}.Release|Any CPU.ActiveCfg = Release|Any CPU
		{2A0D365B-5632-461C-A668-9A6175A84D23}.Release|Any CPU.Build.0 = Release|Any CPU
		{589CF2C1-41E3-4B62-A8A4-A985264ADA9F}.Debug|Any CPU.ActiveCfg = Debug|Any CPU
		{589CF2C1-41E3-4B62-A8A4-A985264ADA9F}.Debug|Any CPU.Build.0 = Debug|Any CPU
		{589CF2C1-41E3-4B62-A8A4-A985264ADA9F}.Release|Any CPU.ActiveCfg = Release|Any CPU
		{589CF2C1-41E3-4B62-A8A4-A985264ADA9F}.Release|Any CPU.Build.0 = Release|Any CPU
	EndGlobalSection
	GlobalSection(SolutionProperties) = preSolution
		HideSolutionNode = FALSE
	EndGlobalSection
	GlobalSection(NestedProjects) = preSolution
		{BAC6A76B-249C-48C6-B7E5-11B2B6532F8A} = {892940BA-FF36-468A-B8AD-34379F15CFA5}
		{2A0D365B-5632-461C-A668-9A6175A84D23} = {892940BA-FF36-468A-B8AD-34379F15CFA5}
		{589CF2C1-41E3-4B62-A8A4-A985264ADA9F} = {A4EF772C-5311-4633-94C5-2D45BFD25432}
	EndGlobalSection
	GlobalSection(ExtensibilityGlobals) = postSolution
		SolutionGuid = {C2243F66-F2ED-4AD3-9E7B-169E12725BB9}
	EndGlobalSection
EndGlobal
